
Microsoft Visual Studio Solution File, Format Version 12.00
# Visual Studio Version 17
VisualStudioVersion = 17.8.34309.116
MinimumVisualStudioVersion = 10.0.40219.1
Project("{8BC9CEB8-8B4A-11D0-8D11-00A0C91BC942}") = "oled_simulator", "oled_simulator\oled_simulator.vcxproj", "{4638F152-CE1B-41F0-BAAD-F5D9B1BA73CC}"
EndProject
Project("{8BC9CEB8-8B4A-11D0-8D11-00A0C91BC942}") = "test", "test\test.vcxproj", "{52F6991C-E2E7-41CD-8364-BDFB3B90DAAA}"
EndProject
Global
	GlobalSection(SolutionConfigurationPlatforms) = preSolution
		Debug|x64 = Debug|x64
		Debug|x86 = Debug|x86
		Release|x64 = Release|x64
		Release|x86 = Release|x86
	EndGlobalSection
	GlobalSection(ProjectConfigurationPlatforms) = postSolution
		{4638F152-CE1B-41F0-BAAD-F5D9B1BA73CC}.Debug|x64.ActiveCfg = Debug|x64
		{4638F152-CE1B-41F0-BAAD-F5D9B1BA73CC}.Debug|x64.Build.0 = Debug|x64
		{4638F152-CE1B-41F0-BAAD-F5D9B1BA73CC}.Debug|x86.ActiveCfg = Debug|Win32
		{4638F152-CE1B-41F0-BAAD-F5D9B1BA73CC}.Debug|x86.Build.0 = Debug|Win32
		{4638F152-CE1B-41F0-BAAD-F5D9B1BA73CC}.Release|x64.ActiveCfg = Release|x64
		{4638F152-CE1B-41F0-BAAD-F5D9B1BA73CC}.Release|x64.Build.0 = Release|x64
		{4638F152-CE1B-41F0-BAAD-F5D9B1BA73CC}.Release|x86.ActiveCfg = Release|Win32
		{4638F152-CE1B-41F0-BAAD-F5D9B1BA73CC}.Release|x86.Build.0 = Release|Win32
		{52F6991C-E2E7-41CD-8364-BDFB3B90DAAA}.Debug|x64.ActiveCfg = Debug|x64
		{52F6991C-E2E7-41CD-8364-BDFB3B90DAAA}.Debug|x64.Build.0 = Debug|x64
		{52F6991C-E2E7-41CD-8364-BDFB3B90DAAA}.Debug|x86.ActiveCfg = Debug|Win32
		{52F6991C-E2E7-41CD-8364-BDFB3B90DAAA}.Debug|x86.Build.0 = Debug|Win32
		{52F6991C-E2E7-41CD-8364-BDFB3B90DAAA}.Release|x64.ActiveCfg = Release|x64
		{52F6991C-E2E7-41CD-8364-BDFB3B90DAAA}.Release|x64.Build.0 = Release|x64
		{52F6991C-E2E7-41CD-8364-BDFB3B90DAAA}.Release|x86.ActiveCfg = Release|Win32
		{52F6991C-E2E7-41CD-8364-BDFB3B90DAAA}.Release|x86.Build.0 = Release|Win32
	EndGlobalSection
	GlobalSection(SolutionProperties) = preSolution
		HideSolutionNode = FALSE
	EndGlobalSection
	GlobalSection(ExtensibilityGlobals) = postSolution
		SolutionGuid = {FCE23A5F-7F8B-4DA9-ADE2-A82EC379239F}
	EndGlobalSection
EndGlobal
